
Microsoft Visual Studio Solution File, Format Version 12.00
# Visual Studio 15
VisualStudioVersion = 15.0.26124.0
MinimumVisualStudioVersion = 15.0.26124.0
Project("{FAE04EC0-301F-11D3-BF4B-00C04F79EFBC}") = "Domain", "Domain\Domain.csproj", "{39BE9498-A881-4657-A446-12FEE95A0FE1}"
EndProject
Project("{FAE04EC0-301F-11D3-BF4B-00C04F79EFBC}") = "Application", "Application\Application.csproj", "{1DEDF4C1-5D94-4571-8244-A8431946A3AE}"
EndProject
Project("{FAE04EC0-301F-11D3-BF4B-00C04F79EFBC}") = "API", "API\API.csproj", "{6F3C60D3-2CF5-481F-9ADB-F687BCEAB667}"
EndProject
Project("{FAE04EC0-301F-11D3-BF4B-00C04F79EFBC}") = "Persistence", "Persistence\Persistence.csproj", "{F76B150E-1963-41A2-ACBD-91A7E5F45144}"
EndProject
Global
	GlobalSection(SolutionConfigurationPlatforms) = preSolution
		Debug|Any CPU = Debug|Any CPU
		Debug|x64 = Debug|x64
		Debug|x86 = Debug|x86
		Release|Any CPU = Release|Any CPU
		Release|x64 = Release|x64
		Release|x86 = Release|x86
	EndGlobalSection
	GlobalSection(SolutionProperties) = preSolution
		HideSolutionNode = FALSE
	EndGlobalSection
	GlobalSection(ProjectConfigurationPlatforms) = postSolution
		{39BE9498-A881-4657-A446-12FEE95A0FE1}.Debug|Any CPU.ActiveCfg = Debug|Any CPU
		{39BE9498-A881-4657-A446-12FEE95A0FE1}.Debug|Any CPU.Build.0 = Debug|Any CPU
		{39BE9498-A881-4657-A446-12FEE95A0FE1}.Debug|x64.ActiveCfg = Debug|Any CPU
		{39BE9498-A881-4657-A446-12FEE95A0FE1}.Debug|x64.Build.0 = Debug|Any CPU
		{39BE9498-A881-4657-A446-12FEE95A0FE1}.Debug|x86.ActiveCfg = Debug|Any CPU
		{39BE9498-A881-4657-A446-12FEE95A0FE1}.Debug|x86.Build.0 = Debug|Any CPU
		{39BE9498-A881-4657-A446-12FEE95A0FE1}.Release|Any CPU.ActiveCfg = Release|Any CPU
		{39BE9498-A881-4657-A446-12FEE95A0FE1}.Release|Any CPU.Build.0 = Release|Any CPU
		{39BE9498-A881-4657-A446-12FEE95A0FE1}.Release|x64.ActiveCfg = Release|Any CPU
		{39BE9498-A881-4657-A446-12FEE95A0FE1}.Release|x64.Build.0 = Release|Any CPU
		{39BE9498-A881-4657-A446-12FEE95A0FE1}.Release|x86.ActiveCfg = Release|Any CPU
		{39BE9498-A881-4657-A446-12FEE95A0FE1}.Release|x86.Build.0 = Release|Any CPU
		{1DEDF4C1-5D94-4571-8244-A8431946A3AE}.Debug|Any CPU.ActiveCfg = Debug|Any CPU
		{1DEDF4C1-5D94-4571-8244-A8431946A3AE}.Debug|Any CPU.Build.0 = Debug|Any CPU
		{1DEDF4C1-5D94-4571-8244-A8431946A3AE}.Debug|x64.ActiveCfg = Debug|Any CPU
		{1DEDF4C1-5D94-4571-8244-A8431946A3AE}.Debug|x64.Build.0 = Debug|Any CPU
		{1DEDF4C1-5D94-4571-8244-A8431946A3AE}.Debug|x86.ActiveCfg = Debug|Any CPU
		{1DEDF4C1-5D94-4571-8244-A8431946A3AE}.Debug|x86.Build.0 = Debug|Any CPU
		{1DEDF4C1-5D94-4571-8244-A8431946A3AE}.Release|Any CPU.ActiveCfg = Release|Any CPU
		{1DEDF4C1-5D94-4571-8244-A8431946A3AE}.Release|Any CPU.Build.0 = Release|Any CPU
		{1DEDF4C1-5D94-4571-8244-A8431946A3AE}.Release|x64.ActiveCfg = Release|Any CPU
		{1DEDF4C1-5D94-4571-8244-A8431946A3AE}.Release|x64.Build.0 = Release|Any CPU
		{1DEDF4C1-5D94-4571-8244-A8431946A3AE}.Release|x86.ActiveCfg = Release|Any CPU
		{1DEDF4C1-5D94-4571-8244-A8431946A3AE}.Release|x86.Build.0 = Release|Any CPU
		{6F3C60D3-2CF5-481F-9ADB-F687BCEAB667}.Debug|Any CPU.ActiveCfg = Debug|Any CPU
		{6F3C60D3-2CF5-481F-9ADB-F687BCEAB667}.Debug|Any CPU.Build.0 = Debug|Any CPU
		{6F3C60D3-2CF5-481F-9ADB-F687BCEAB667}.Debug|x64.ActiveCfg = Debug|Any CPU
		{6F3C60D3-2CF5-481F-9ADB-F687BCEAB667}.Debug|x64.Build.0 = Debug|Any CPU
		{6F3C60D3-2CF5-481F-9ADB-F687BCEAB667}.Debug|x86.ActiveCfg = Debug|Any CPU
		{6F3C60D3-2CF5-481F-9ADB-F687BCEAB667}.Debug|x86.Build.0 = Debug|Any CPU
		{6F3C60D3-2CF5-481F-9ADB-F687BCEAB667}.Release|Any CPU.ActiveCfg = Release|Any CPU
		{6F3C60D3-2CF5-481F-9ADB-F687BCEAB667}.Release|Any CPU.Build.0 = Release|Any CPU
		{6F3C60D3-2CF5-481F-9ADB-F687BCEAB667}.Release|x64.ActiveCfg = Release|Any CPU
		{6F3C60D3-2CF5-481F-9ADB-F687BCEAB667}.Release|x64.Build.0 = Release|Any CPU
		{6F3C60D3-2CF5-481F-9ADB-F687BCEAB667}.Release|x86.ActiveCfg = Release|Any CPU
		{6F3C60D3-2CF5-481F-9ADB-F687BCEAB667}.Release|x86.Build.0 = Release|Any CPU
		{F76B150E-1963-41A2-ACBD-91A7E5F45144}.Debug|Any CPU.ActiveCfg = Debug|Any CPU
		{F76B150E-1963-41A2-ACBD-91A7E5F45144}.Debug|Any CPU.Build.0 = Debug|Any CPU
		{F76B150E-1963-41A2-ACBD-91A7E5F45144}.Debug|x64.ActiveCfg = Debug|Any CPU
		{F76B150E-1963-41A2-ACBD-91A7E5F45144}.Debug|x64.Build.0 = Debug|Any CPU
		{F76B150E-1963-41A2-ACBD-91A7E5F45144}.Debug|x86.ActiveCfg = Debug|Any CPU
		{F76B150E-1963-41A2-ACBD-91A7E5F45144}.Debug|x86.Build.0 = Debug|Any CPU
		{F76B150E-1963-41A2-ACBD-91A7E5F45144}.Release|Any CPU.ActiveCfg = Release|Any CPU
		{F76B150E-1963-41A2-ACBD-91A7E5F45144}.Release|Any CPU.Build.0 = Release|Any CPU
		{F76B150E-1963-41A2-ACBD-91A7E5F45144}.Release|x64.ActiveCfg = Release|Any CPU
		{F76B150E-1963-41A2-ACBD-91A7E5F45144}.Release|x64.Build.0 = Release|Any CPU
		{F76B150E-1963-41A2-ACBD-91A7E5F45144}.Release|x86.ActiveCfg = Release|Any CPU
		{F76B150E-1963-41A2-ACBD-91A7E5F45144}.Release|x86.Build.0 = Release|Any CPU
	EndGlobalSection
EndGlobal
